# This file was autogenerated by Stack.
# You should not edit this file by hand.
# For more information, please see the documentation at:
#   https://docs.haskellstack.org/en/stable/lock_files

packages:
- completed:
    hackage: ixset-typed-binary-instance-0.1.0.0@sha256:34b9cb1b501ede194b5c94477d0d4cbf4fd16f2ad3c83d67f41b10b048ba011f,989
    pantry-tree:
      size: 292
      sha256: 1f9b947919b4da3b0648b7623c3406366ac58d8d9819d5d77df2ab4ec0cf538b
  original:
    hackage: ixset-typed-binary-instance-0.1.0.0@sha256:34b9cb1b501ede194b5c94477d0d4cbf4fd16f2ad3c83d67f41b10b048ba011f,989
- completed:
    hackage: ixset-typed-hashable-instance-0.1.0.1@sha256:b48d3559b53afcfb349db52046e3717031c496c381627a0eea53052f2467d803,996
    pantry-tree:
      size: 296
      sha256: 98508fc243c1fd4698938da773de7bc28bb90bf4053fca123d25e25ba95e4e27
  original:
    hackage: ixset-typed-hashable-instance-0.1.0.1@sha256:b48d3559b53afcfb349db52046e3717031c496c381627a0eea53052f2467d803,996
- completed:
    hackage: path-binary-instance-0.1.0.0@sha256:0d9f36ab19f7f4ef6e9d25fba10fe6876010f69ce26e5c98fd45c24e4b365300,751
    pantry-tree:
      size: 273
      sha256: f6d35558a6e2b26748d907c35af5d9660dc0083acfcf3a802a6168bfe41bda8e
  original:
    hackage: path-binary-instance-0.1.0.0@sha256:0d9f36ab19f7f4ef6e9d25fba10fe6876010f69ce26e5c98fd45c24e4b365300,751
snapshots:
- completed:
    size: 514372
    url: https://raw.githubusercontent.com/commercialhaskell/stackage-snapshots/master/nightly/2020/7/23.yaml
    sha256: 69116045cbbf4718c8e014619a55c4794ab270b5c88be150440608eff2249507
  original: nightly-2020-07-23
