# This file was autogenerated by Stack.
# You should not edit this file by hand.
# For more information, please see the documentation at:
#   https://docs.haskellstack.org/en/stable/lock_files

packages: []
snapshots:
- completed:
    size: 514372
    url: https://raw.githubusercontent.com/commercialhaskell/stackage-snapshots/master/nightly/2020/7/23.yaml
    sha256: 69116045cbbf4718c8e014619a55c4794ab270b5c88be150440608eff2249507
  original: nightly-2020-07-23
