# This file was autogenerated by Stack.
# You should not edit this file by hand.
# For more information, please see the documentation at:
#   https://docs.haskellstack.org/en/stable/lock_files

packages: []
snapshots:
- completed:
    size: 518259
    url: https://raw.githubusercontent.com/commercialhaskell/stackage-snapshots/master/nightly/2020/7/29.yaml
    sha256: 2bc1221273190488293f2a8377cfbea272697070d68b62c6fa6f4f5a98c4f8af
  original: nightly-2020-07-29
